
Microsoft Visual Studio Solution File, Format Version 12.00
Project("{FAE04EC0-301F-11D3-BF4B-00C04F79EFBC}") = "RepportingApp", "RepportingApp\RepportingApp.csproj", "{14D30E0C-1D10-4C02-89E7-5D6522E176E4}"
EndProject
Project("{FAE04EC0-301F-11D3-BF4B-00C04F79EFBC}") = "DataAccess", "DataAccess\DataAccess.csproj", "{293850EA-67C8-4E94-B39B-E24261D675C4}"
EndProject
Project("{FAE04EC0-301F-11D3-BF4B-00C04F79EFBC}") = "Reporting.lib", "Reporting.lib\Reporting.lib.csproj", "{B791393B-47DB-4C69-8EF9-E61CCDA681ED}"
EndProject
Project("{FAE04EC0-301F-11D3-BF4B-00C04F79EFBC}") = "ReportingApi", "ReportingApi\ReportingApi.csproj", "{82E1EC4D-B9A5-4C81-9F46-0EA7329A3630}"
EndProject
Global
	GlobalSection(SolutionConfigurationPlatforms) = preSolution
		Debug|Any CPU = Debug|Any CPU
		Release|Any CPU = Release|Any CPU
	EndGlobalSection
	GlobalSection(ProjectConfigurationPlatforms) = postSolution
		{14D30E0C-1D10-4C02-89E7-5D6522E176E4}.Debug|Any CPU.ActiveCfg = Debug|Any CPU
		{14D30E0C-1D10-4C02-89E7-5D6522E176E4}.Debug|Any CPU.Build.0 = Debug|Any CPU
		{14D30E0C-1D10-4C02-89E7-5D6522E176E4}.Release|Any CPU.ActiveCfg = Release|Any CPU
		{14D30E0C-1D10-4C02-89E7-5D6522E176E4}.Release|Any CPU.Build.0 = Release|Any CPU
		{293850EA-67C8-4E94-B39B-E24261D675C4}.Debug|Any CPU.ActiveCfg = Debug|Any CPU
		{293850EA-67C8-4E94-B39B-E24261D675C4}.Debug|Any CPU.Build.0 = Debug|Any CPU
		{293850EA-67C8-4E94-B39B-E24261D675C4}.Release|Any CPU.ActiveCfg = Release|Any CPU
		{293850EA-67C8-4E94-B39B-E24261D675C4}.Release|Any CPU.Build.0 = Release|Any CPU
		{B791393B-47DB-4C69-8EF9-E61CCDA681ED}.Debug|Any CPU.ActiveCfg = Debug|Any CPU
		{B791393B-47DB-4C69-8EF9-E61CCDA681ED}.Debug|Any CPU.Build.0 = Debug|Any CPU
		{B791393B-47DB-4C69-8EF9-E61CCDA681ED}.Release|Any CPU.ActiveCfg = Release|Any CPU
		{B791393B-47DB-4C69-8EF9-E61CCDA681ED}.Release|Any CPU.Build.0 = Release|Any CPU
		{82E1EC4D-B9A5-4C81-9F46-0EA7329A3630}.Debug|Any CPU.ActiveCfg = Debug|Any CPU
		{82E1EC4D-B9A5-4C81-9F46-0EA7329A3630}.Debug|Any CPU.Build.0 = Debug|Any CPU
		{82E1EC4D-B9A5-4C81-9F46-0EA7329A3630}.Release|Any CPU.ActiveCfg = Release|Any CPU
		{82E1EC4D-B9A5-4C81-9F46-0EA7329A3630}.Release|Any CPU.Build.0 = Release|Any CPU
	EndGlobalSection
EndGlobal
